
Microsoft Visual Studio Solution File, Format Version 12.00
# Visual Studio Version 16
VisualStudioVersion = 16.0.33801.447
MinimumVisualStudioVersion = 10.0.40219.1
Project("{FAE04EC0-301F-11D3-BF4B-00C04F79EFBC}") = "FirstApp_Tomskiy", "FirstApp_Tomskiy.csproj", "{B5572BF0-2E61-4C19-BB03-AF96962435AF}"
EndProject
Global
	GlobalSection(SolutionConfigurationPlatforms) = preSolution
		Debug|Any CPU = Debug|Any CPU
		Release|Any CPU = Release|Any CPU
	EndGlobalSection
	GlobalSection(ProjectConfigurationPlatforms) = postSolution
		{B5572BF0-2E61-4C19-BB03-AF96962435AF}.Debug|Any CPU.ActiveCfg = Debug|Any CPU
		{B5572BF0-2E61-4C19-BB03-AF96962435AF}.Debug|Any CPU.Build.0 = Debug|Any CPU
		{B5572BF0-2E61-4C19-BB03-AF96962435AF}.Release|Any CPU.ActiveCfg = Release|Any CPU
		{B5572BF0-2E61-4C19-BB03-AF96962435AF}.Release|Any CPU.Build.0 = Release|Any CPU
	EndGlobalSection
	GlobalSection(SolutionProperties) = preSolution
		HideSolutionNode = FALSE
	EndGlobalSection
	GlobalSection(ExtensibilityGlobals) = postSolution
		SolutionGuid = {12EDFD6C-031B-4BAF-A271-235CF68BE3AF}
	EndGlobalSection
EndGlobal
